
Microsoft Visual Studio Solution File, Format Version 12.00
Project("{FAE04EC0-301F-11D3-BF4B-00C04F79EFBC}") = "ShoppingBasket.Test", "ShoppingBasket.Test\ShoppingBasket.Test.csproj", "{9FD9CB43-EC5E-41D9-8556-93F07BD5765E}"
EndProject
Project("{FAE04EC0-301F-11D3-BF4B-00C04F79EFBC}") = "DvdLibrary.Test", "DvdLibrary.Test\DvdLibrary.Test.csproj", "{F7CEEE7B-5759-4D76-97B8-FDAB576A7CEE}"
EndProject
Project("{2150E333-8FDC-42A3-9474-1A3956D46DE8}") = "DvdLibrary", "DvdLibrary", "{4B899758-7194-4B12-A5FE-2EE97EF24C5B}"
EndProject
Project("{FAE04EC0-301F-11D3-BF4B-00C04F79EFBC}") = "DvdLibrary", "DvdLibrary\DvdLibrary.csproj", "{FB273B30-2261-461C-BF6D-C0405A25DB2D}"
EndProject
Project("{2150E333-8FDC-42A3-9474-1A3956D46DE8}") = "ShoppingBasket", "ShoppingBasket", "{152017C2-8304-444F-9FE8-80F8B26160E1}"
EndProject
Project("{2150E333-8FDC-42A3-9474-1A3956D46DE8}") = "CdWarehouse", "CdWarehouse", "{FAC0A458-446A-4AC5-87CD-997C25F10B9B}"
EndProject
Project("{FAE04EC0-301F-11D3-BF4B-00C04F79EFBC}") = "CdWarehouse.Test", "CdWarehouse.Test\CdWarehouse.Test.csproj", "{F0631268-5072-44C7-8177-1789946A390A}"
EndProject
Project("{2150E333-8FDC-42A3-9474-1A3956D46DE8}") = "MarsRoverDuplication", "MarsRoverDuplication", "{009A0F10-FA7B-48C7-892F-956E646A2269}"
EndProject
Project("{FAE04EC0-301F-11D3-BF4B-00C04F79EFBC}") = "MarsRoverDuplication.Test", "MarsRoverDuplication.Test\MarsRoverDuplication.Test.csproj", "{3F542111-D8C3-4E7F-A94D-FD4F48938AA6}"
EndProject
Project("{2150E333-8FDC-42A3-9474-1A3956D46DE8}") = "MarsRoverInsideOut", "MarsRoverInsideOut", "{709182EE-1E99-4D3F-88AE-B4E55432912A}"
EndProject
Project("{FAE04EC0-301F-11D3-BF4B-00C04F79EFBC}") = "MarsRoverInsideOut", "MarsRoverInsideOut\MarsRoverInsideOut.csproj", "{20451090-57F3-4CD0-834D-685CF8F6F947}"
EndProject
Project("{2150E333-8FDC-42A3-9474-1A3956D46DE8}") = "VideoLibrary", "VideoLibrary", "{E71FBA16-41B2-46FC-B018-035E7BD655FE}"
EndProject
Project("{FAE04EC0-301F-11D3-BF4B-00C04F79EFBC}") = "VideoLibrary.Test", "VideoLibrary.Test\VideoLibrary.Test.csproj", "{BC32D03D-940F-4769-9B92-97C74019C8F0}"
EndProject
Project("{2150E333-8FDC-42A3-9474-1A3956D46DE8}") = "PropertyBased", "PropertyBased", "{9032987F-D94E-4FC3-B268-C3B7EB38B5D6}"
EndProject
Project("{FAE04EC0-301F-11D3-BF4B-00C04F79EFBC}") = "PropertyBased.Test", "PropertyBased.Test\PropertyBased.Test.csproj", "{C79E4410-1B8B-489E-AFD2-9DF14B555DA6}"
EndProject
Project("{2150E333-8FDC-42A3-9474-1A3956D46DE8}") = "CSharpRefactoring", "CSharpRefactoring", "{BB55F8E4-49DB-4FA7-AB16-CECCF737F551}"
EndProject
Project("{FAE04EC0-301F-11D3-BF4B-00C04F79EFBC}") = "MarsRover.Test", "MarsRover.Test\MarsRover.Test.csproj", "{FCFC85A0-1F03-49E5-828A-805F5FEB2B00}"
EndProject
Project("{FAE04EC0-301F-11D3-BF4B-00C04F79EFBC}") = "MarsRover", "MarsRover\MarsRover.csproj", "{C9D5F495-BE37-4F08-BB70-208ABE38D6AF}"
EndProject
Project("{2150E333-8FDC-42A3-9474-1A3956D46DE8}") = "StringCalculator", "StringCalculator", "{71CA5FD7-9C32-4B78-B9EE-2583ACA15A64}"
EndProject
Project("{FAE04EC0-301F-11D3-BF4B-00C04F79EFBC}") = "StringCalculator", "StringCalculator\StringCalculator.csproj", "{6D663E6F-9BF2-4F12-B302-947FA13D7CBE}"
EndProject
Project("{FAE04EC0-301F-11D3-BF4B-00C04F79EFBC}") = "StringCalculator.Test", "StringCalculator\StringCalculator.Test\StringCalculator.Test.csproj", "{0EB3E8EB-4B3A-4759-B189-C0BE9BB4A950}"
EndProject
Global
	GlobalSection(SolutionConfigurationPlatforms) = preSolution
		Debug|Any CPU = Debug|Any CPU
		Release|Any CPU = Release|Any CPU
	EndGlobalSection
	GlobalSection(ProjectConfigurationPlatforms) = postSolution
		{9FD9CB43-EC5E-41D9-8556-93F07BD5765E}.Debug|Any CPU.ActiveCfg = Debug|Any CPU
		{9FD9CB43-EC5E-41D9-8556-93F07BD5765E}.Debug|Any CPU.Build.0 = Debug|Any CPU
		{9FD9CB43-EC5E-41D9-8556-93F07BD5765E}.Release|Any CPU.ActiveCfg = Release|Any CPU
		{9FD9CB43-EC5E-41D9-8556-93F07BD5765E}.Release|Any CPU.Build.0 = Release|Any CPU
		{F7CEEE7B-5759-4D76-97B8-FDAB576A7CEE}.Debug|Any CPU.ActiveCfg = Debug|Any CPU
		{F7CEEE7B-5759-4D76-97B8-FDAB576A7CEE}.Debug|Any CPU.Build.0 = Debug|Any CPU
		{F7CEEE7B-5759-4D76-97B8-FDAB576A7CEE}.Release|Any CPU.ActiveCfg = Release|Any CPU
		{F7CEEE7B-5759-4D76-97B8-FDAB576A7CEE}.Release|Any CPU.Build.0 = Release|Any CPU
		{FB273B30-2261-461C-BF6D-C0405A25DB2D}.Debug|Any CPU.ActiveCfg = Debug|Any CPU
		{FB273B30-2261-461C-BF6D-C0405A25DB2D}.Debug|Any CPU.Build.0 = Debug|Any CPU
		{FB273B30-2261-461C-BF6D-C0405A25DB2D}.Release|Any CPU.ActiveCfg = Release|Any CPU
		{FB273B30-2261-461C-BF6D-C0405A25DB2D}.Release|Any CPU.Build.0 = Release|Any CPU
		{F0631268-5072-44C7-8177-1789946A390A}.Debug|Any CPU.ActiveCfg = Debug|Any CPU
		{F0631268-5072-44C7-8177-1789946A390A}.Debug|Any CPU.Build.0 = Debug|Any CPU
		{F0631268-5072-44C7-8177-1789946A390A}.Release|Any CPU.ActiveCfg = Release|Any CPU
		{F0631268-5072-44C7-8177-1789946A390A}.Release|Any CPU.Build.0 = Release|Any CPU
		{3F542111-D8C3-4E7F-A94D-FD4F48938AA6}.Debug|Any CPU.ActiveCfg = Debug|Any CPU
		{3F542111-D8C3-4E7F-A94D-FD4F48938AA6}.Debug|Any CPU.Build.0 = Debug|Any CPU
		{3F542111-D8C3-4E7F-A94D-FD4F48938AA6}.Release|Any CPU.ActiveCfg = Release|Any CPU
		{3F542111-D8C3-4E7F-A94D-FD4F48938AA6}.Release|Any CPU.Build.0 = Release|Any CPU
		{20451090-57F3-4CD0-834D-685CF8F6F947}.Debug|Any CPU.ActiveCfg = Debug|Any CPU
		{20451090-57F3-4CD0-834D-685CF8F6F947}.Debug|Any CPU.Build.0 = Debug|Any CPU
		{20451090-57F3-4CD0-834D-685CF8F6F947}.Release|Any CPU.ActiveCfg = Release|Any CPU
		{20451090-57F3-4CD0-834D-685CF8F6F947}.Release|Any CPU.Build.0 = Release|Any CPU
		{BC32D03D-940F-4769-9B92-97C74019C8F0}.Debug|Any CPU.ActiveCfg = Debug|Any CPU
		{BC32D03D-940F-4769-9B92-97C74019C8F0}.Debug|Any CPU.Build.0 = Debug|Any CPU
		{BC32D03D-940F-4769-9B92-97C74019C8F0}.Release|Any CPU.ActiveCfg = Release|Any CPU
		{BC32D03D-940F-4769-9B92-97C74019C8F0}.Release|Any CPU.Build.0 = Release|Any CPU
		{C79E4410-1B8B-489E-AFD2-9DF14B555DA6}.Debug|Any CPU.ActiveCfg = Debug|Any CPU
		{C79E4410-1B8B-489E-AFD2-9DF14B555DA6}.Debug|Any CPU.Build.0 = Debug|Any CPU
		{C79E4410-1B8B-489E-AFD2-9DF14B555DA6}.Release|Any CPU.ActiveCfg = Release|Any CPU
		{C79E4410-1B8B-489E-AFD2-9DF14B555DA6}.Release|Any CPU.Build.0 = Release|Any CPU
		{FCFC85A0-1F03-49E5-828A-805F5FEB2B00}.Debug|Any CPU.ActiveCfg = Debug|Any CPU
		{FCFC85A0-1F03-49E5-828A-805F5FEB2B00}.Debug|Any CPU.Build.0 = Debug|Any CPU
		{FCFC85A0-1F03-49E5-828A-805F5FEB2B00}.Release|Any CPU.ActiveCfg = Release|Any CPU
		{FCFC85A0-1F03-49E5-828A-805F5FEB2B00}.Release|Any CPU.Build.0 = Release|Any CPU
		{C9D5F495-BE37-4F08-BB70-208ABE38D6AF}.Debug|Any CPU.ActiveCfg = Debug|Any CPU
		{C9D5F495-BE37-4F08-BB70-208ABE38D6AF}.Debug|Any CPU.Build.0 = Debug|Any CPU
		{C9D5F495-BE37-4F08-BB70-208ABE38D6AF}.Release|Any CPU.ActiveCfg = Release|Any CPU
		{C9D5F495-BE37-4F08-BB70-208ABE38D6AF}.Release|Any CPU.Build.0 = Release|Any CPU
		{6D663E6F-9BF2-4F12-B302-947FA13D7CBE}.Debug|Any CPU.ActiveCfg = Debug|Any CPU
		{6D663E6F-9BF2-4F12-B302-947FA13D7CBE}.Debug|Any CPU.Build.0 = Debug|Any CPU
		{6D663E6F-9BF2-4F12-B302-947FA13D7CBE}.Release|Any CPU.ActiveCfg = Release|Any CPU
		{6D663E6F-9BF2-4F12-B302-947FA13D7CBE}.Release|Any CPU.Build.0 = Release|Any CPU
		{0EB3E8EB-4B3A-4759-B189-C0BE9BB4A950}.Debug|Any CPU.ActiveCfg = Debug|Any CPU
		{0EB3E8EB-4B3A-4759-B189-C0BE9BB4A950}.Debug|Any CPU.Build.0 = Debug|Any CPU
		{0EB3E8EB-4B3A-4759-B189-C0BE9BB4A950}.Release|Any CPU.ActiveCfg = Release|Any CPU
		{0EB3E8EB-4B3A-4759-B189-C0BE9BB4A950}.Release|Any CPU.Build.0 = Release|Any CPU
	EndGlobalSection
	GlobalSection(NestedProjects) = preSolution
		{F7CEEE7B-5759-4D76-97B8-FDAB576A7CEE} = {4B899758-7194-4B12-A5FE-2EE97EF24C5B}
		{FB273B30-2261-461C-BF6D-C0405A25DB2D} = {4B899758-7194-4B12-A5FE-2EE97EF24C5B}
		{9FD9CB43-EC5E-41D9-8556-93F07BD5765E} = {152017C2-8304-444F-9FE8-80F8B26160E1}
		{F0631268-5072-44C7-8177-1789946A390A} = {FAC0A458-446A-4AC5-87CD-997C25F10B9B}
		{3F542111-D8C3-4E7F-A94D-FD4F48938AA6} = {009A0F10-FA7B-48C7-892F-956E646A2269}
		{20451090-57F3-4CD0-834D-685CF8F6F947} = {709182EE-1E99-4D3F-88AE-B4E55432912A}
		{BC32D03D-940F-4769-9B92-97C74019C8F0} = {E71FBA16-41B2-46FC-B018-035E7BD655FE}
		{C79E4410-1B8B-489E-AFD2-9DF14B555DA6} = {9032987F-D94E-4FC3-B268-C3B7EB38B5D6}
		{FCFC85A0-1F03-49E5-828A-805F5FEB2B00} = {BB55F8E4-49DB-4FA7-AB16-CECCF737F551}
		{C9D5F495-BE37-4F08-BB70-208ABE38D6AF} = {BB55F8E4-49DB-4FA7-AB16-CECCF737F551}
		{6D663E6F-9BF2-4F12-B302-947FA13D7CBE} = {71CA5FD7-9C32-4B78-B9EE-2583ACA15A64}
		{0EB3E8EB-4B3A-4759-B189-C0BE9BB4A950} = {71CA5FD7-9C32-4B78-B9EE-2583ACA15A64}
	EndGlobalSection
EndGlobal
